{
  "name": "bb-browse-fortress-runtime",
  "version": "1.0.0",
  "lockfileVersion": 3,
  "requires": true,
  "packages": {
    "": {
      "name": "bb-browse-fortress-runtime",
      "version": "1.0.0",
      "dependencies": {
        "axe-core": "4.11.0",
        "tilion-fortress": "151.0.7910"
      }
    },
    "node_modules/axe-core": {
      "version": "4.11.0",
      "resolved": "https://registry.npmjs.org/axe-core/-/axe-core-4.11.0.tgz",
      "integrity": "sha512-ilYanEU8vxxBexpJd8cWM4ElSQq4QctCLKih0TSfjIfCQTeyH/6zVrmIJfLPrKTKJRbiG+cfnZbQIjAlJmF1jQ==",
      "license": "MPL-2.0",
      "engines": {
        "node": ">=4"
      }
    },
    "node_modules/tilion-fortress": {
      "version": "151.0.7910",
      "resolved": "https://registry.npmjs.org/tilion-fortress/-/tilion-fortress-151.0.7910.tgz",
      "integrity": "sha512-knpOr/o3zfxDpMQSW+Yw+T+YJFaPkmPXSw3c5/bz/pU93eSsymxjQFj0veK8HFo9SAXsM78GTWZRpTKUDXh7Pw==",
      "license": "BSD-3-Clause",
      "bin": {
        "tilion-fortress": "cli.js"
      },
      "engines": {
        "node": ">=18"
      }
    }
  }
}
